
Microsoft Visual Studio Solution File, Format Version 12.00
# Visual Studio Version 16
VisualStudioVersion = 16.0.30907.101
MinimumVisualStudioVersion = 10.0.40219.1
Project("{FAE04EC0-301F-11D3-BF4B-00C04F79EFBC}") = "MyTest", "MyTest\MyTest.csproj", "{CA2650D6-9282-44CA-AA43-F686E26C978C}"
EndProject
Global
	GlobalSection(SolutionConfigurationPlatforms) = preSolution
		Debug|Any CPU = Debug|Any CPU
		Release|Any CPU = Release|Any CPU
	EndGlobalSection
	GlobalSection(ProjectConfigurationPlatforms) = postSolution
		{CA2650D6-9282-44CA-AA43-F686E26C978C}.Debug|Any CPU.ActiveCfg = Debug|Any CPU
		{CA2650D6-9282-44CA-AA43-F686E26C978C}.Debug|Any CPU.Build.0 = Debug|Any CPU
		{CA2650D6-9282-44CA-AA43-F686E26C978C}.Release|Any CPU.ActiveCfg = Release|Any CPU
		{CA2650D6-9282-44CA-AA43-F686E26C978C}.Release|Any CPU.Build.0 = Release|Any CPU
	EndGlobalSection
	GlobalSection(SolutionProperties) = preSolution
		HideSolutionNode = FALSE
	EndGlobalSection
	GlobalSection(ExtensibilityGlobals) = postSolution
		SolutionGuid = {A1C72FC7-E5BD-4DFA-AF7F-34D150BF75FF}
	EndGlobalSection
EndGlobal
